
Microsoft Visual Studio Solution File, Format Version 12.00
# Visual Studio Version 16
VisualStudioVersion = 16.0.30114.105
MinimumVisualStudioVersion = 10.0.40219.1
Project("{FAE04EC0-301F-11D3-BF4B-00C04F79EFBC}") = "api", "api\api.csproj", "{A224216C-0D43-4DD9-9F44-BC4F19308BCB}"
EndProject
Global
	GlobalSection(SolutionConfigurationPlatforms) = preSolution
		Debug|Any CPU = Debug|Any CPU
		Release|Any CPU = Release|Any CPU
	EndGlobalSection
	GlobalSection(SolutionProperties) = preSolution
		HideSolutionNode = FALSE
	EndGlobalSection
	GlobalSection(ProjectConfigurationPlatforms) = postSolution
		{A224216C-0D43-4DD9-9F44-BC4F19308BCB}.Debug|Any CPU.ActiveCfg = Debug|Any CPU
		{A224216C-0D43-4DD9-9F44-BC4F19308BCB}.Debug|Any CPU.Build.0 = Debug|Any CPU
		{A224216C-0D43-4DD9-9F44-BC4F19308BCB}.Release|Any CPU.ActiveCfg = Release|Any CPU
		{A224216C-0D43-4DD9-9F44-BC4F19308BCB}.Release|Any CPU.Build.0 = Release|Any CPU
	EndGlobalSection
EndGlobal
